
Microsoft Visual Studio Solution File, Format Version 12.00
# Visual Studio Version 17
VisualStudioVersion = 17.10.34916.146
MinimumVisualStudioVersion = 10.0.40219.1
Project("{FAE04EC0-301F-11D3-BF4B-00C04F79EFBC}") = "RouteJsonDataCreate", "RouteJsonDataCreate\RouteJsonDataCreate.csproj", "{AEDC3DAD-FFBC-48C7-9CDD-621F993F2AF3}"
EndProject
Global
	GlobalSection(SolutionConfigurationPlatforms) = preSolution
		Debug|Any CPU = Debug|Any CPU
		Release|Any CPU = Release|Any CPU
	EndGlobalSection
	GlobalSection(ProjectConfigurationPlatforms) = postSolution
		{AEDC3DAD-FFBC-48C7-9CDD-621F993F2AF3}.Debug|Any CPU.ActiveCfg = Debug|Any CPU
		{AEDC3DAD-FFBC-48C7-9CDD-621F993F2AF3}.Debug|Any CPU.Build.0 = Debug|Any CPU
		{AEDC3DAD-FFBC-48C7-9CDD-621F993F2AF3}.Release|Any CPU.ActiveCfg = Release|Any CPU
		{AEDC3DAD-FFBC-48C7-9CDD-621F993F2AF3}.Release|Any CPU.Build.0 = Release|Any CPU
	EndGlobalSection
	GlobalSection(SolutionProperties) = preSolution
		HideSolutionNode = FALSE
	EndGlobalSection
	GlobalSection(ExtensibilityGlobals) = postSolution
		SolutionGuid = {FC5811CE-B7BE-4039-AC00-3DA33E1BD793}
	EndGlobalSection
EndGlobal
